
Microsoft Visual Studio Solution File, Format Version 12.00
# Visual Studio Version 17
VisualStudioVersion = 17.14.37216.2 d17.14
MinimumVisualStudioVersion = 10.0.40219.1
Project("{FAE04EC0-301F-11D3-BF4B-00C04F79EFBC}") = "TaskManagerApi", "TaskManagerApi.csproj", "{EB5C23AD-CCBB-4ADF-B174-85D61E75C618}"
EndProject
Global
	GlobalSection(SolutionConfigurationPlatforms) = preSolution
		Debug|Any CPU = Debug|Any CPU
		Release|Any CPU = Release|Any CPU
	EndGlobalSection
	GlobalSection(ProjectConfigurationPlatforms) = postSolution
		{EB5C23AD-CCBB-4ADF-B174-85D61E75C618}.Debug|Any CPU.ActiveCfg = Debug|Any CPU
		{EB5C23AD-CCBB-4ADF-B174-85D61E75C618}.Debug|Any CPU.Build.0 = Debug|Any CPU
		{EB5C23AD-CCBB-4ADF-B174-85D61E75C618}.Release|Any CPU.ActiveCfg = Release|Any CPU
		{EB5C23AD-CCBB-4ADF-B174-85D61E75C618}.Release|Any CPU.Build.0 = Release|Any CPU
	EndGlobalSection
	GlobalSection(SolutionProperties) = preSolution
		HideSolutionNode = FALSE
	EndGlobalSection
	GlobalSection(ExtensibilityGlobals) = postSolution
		SolutionGuid = {408E7323-E68D-429C-AEBA-B01C4C00F9AA}
	EndGlobalSection
EndGlobal
